Microsoft Visual Studio Solution File, Format Version 12.00
# Visual Studio Version 17
VisualStudioVersion = 17.5.2.0
MinimumVisualStudioVersion = 10.0.40219.1
Project("{2150E333-8FDC-42A3-9474-1A3956D46DE8}") = "RentalManagementSystem", "RentalManagementSystem", "{F5A3A5B8-B5CB-9B44-F3BF-169E2E9E5D2C}"
EndProject
Project("{2150E333-8FDC-42A3-9474-1A3956D46DE8}") = "Backend", "Backend", "{AB20D56D-060A-ED63-F429-363531AD1FF5}"
EndProject
Project("{FAE04EC0-301F-11D3-BF4B-00C04F79EFBC}") = "RentalManagement.Api", "RentalManagementSystem\Backend\RentalManagement.Api\RentalManagement.Api.csproj", "{9072581F-6D37-0EE1-41EA-21A0CA71D4C0}"
EndProject
Global
	GlobalSection(SolutionConfigurationPlatforms) = preSolution
		Debug|Any CPU = Debug|Any CPU
		Release|Any CPU = Release|Any CPU
	EndGlobalSection
	GlobalSection(ProjectConfigurationPlatforms) = postSolution
		{9072581F-6D37-0EE1-41EA-21A0CA71D4C0}.Debug|Any CPU.ActiveCfg = Debug|Any CPU
		{9072581F-6D37-0EE1-41EA-21A0CA71D4C0}.Debug|Any CPU.Build.0 = Debug|Any CPU
		{9072581F-6D37-0EE1-41EA-21A0CA71D4C0}.Release|Any CPU.ActiveCfg = Release|Any CPU
		{9072581F-6D37-0EE1-41EA-21A0CA71D4C0}.Release|Any CPU.Build.0 = Release|Any CPU
	EndGlobalSection
	GlobalSection(SolutionProperties) = preSolution
		HideSolutionNode = FALSE
	EndGlobalSection
	GlobalSection(NestedProjects) = preSolution
		{AB20D56D-060A-ED63-F429-363531AD1FF5} = {F5A3A5B8-B5CB-9B44-F3BF-169E2E9E5D2C}
		{9072581F-6D37-0EE1-41EA-21A0CA71D4C0} = {AB20D56D-060A-ED63-F429-363531AD1FF5}
	EndGlobalSection
	GlobalSection(ExtensibilityGlobals) = postSolution
		SolutionGuid = {5E78FEAF-510B-4131-A268-07C0235E5B40}
	EndGlobalSection
EndGlobal
